github.com/garywu125/ellipse/hello v0.0.0-20181128115331-7fce516ee782 h1:EU7hkgxKfMNPy1+UI47h3bx8My1H9toUnDthGC8HbWg=
github.com/garywu125/ellipse/hello v0.0.0-20181128115331-7fce516ee782/go.mod h1:evXxdiq1WH9XBZMaLXVlxeivIGtpnIjuGkSabViAx4Y=
github.com/garywu125/ellipse/hello v0.0.0-20181130030517-6d76627b6eae h1:iYhv2GpIVuI3EASq19ZvL/BP2165ptpgtFSiqsfjIRw=
github.com/garywu125/ellipse/hello v0.0.0-20181130030517-6d76627b6eae/go.mod h1:evXxdiq1WH9XBZMaLXVlxeivIGtpnIjuGkSabViAx4Y=
